{
  "name": "Typescript",
  "version": "1.0.0",
  "lockfileVersion": 1,
  "requires": true,
  "dependencies": {
    "@rbxts/roact": {
      "version": "1.0.7",
      "resolved": "https://registry.npmjs.org/@rbxts/roact/-/roact-1.0.7.tgz",
      "integrity": "sha512-lODVNtaxM3YIkRSfQ16HNPEl7QSrPQGp38NfHjXt+SjaASopQWF+CeQ/blD+V6XUdroimdpfTEhhKaPbZBKRPA=="
    },
    "@rbxts/services": {
      "version": "1.0.23",
      "resolved": "https://registry.npmjs.org/@rbxts/services/-/services-1.0.23.tgz",
      "integrity": "sha512-grU2H1biLVmjCxhF8KYmpUUDTvowjf/99HS5r8NCsFb8q/MqN80kYYX0gXncYYYfYNGHLbzm8cWwVhb7UyXPHg=="
    },
    "@rbxts/types": {
      "version": "1.0.239",
      "resolved": "https://registry.npmjs.org/@rbxts/types/-/types-1.0.239.tgz",
      "integrity": "sha512-jzO7EdEK2FX/YIQFNswzOh1y5sOiCcv0TYCUq9xs933KulY7xjyfocS2IcTPh30ZYVsH51rn6EV5hFEm2cR/Yw==",
      "dev": true
    },
    "gql-query-builder": {
      "version": "3.1.3",
      "resolved": "https://registry.npmjs.org/gql-query-builder/-/gql-query-builder-3.1.3.tgz",
      "integrity": "sha512-RjZbH5eeaEYz3XoVjfozP3RkkEZV/gOygNipX30ysukd9kENGljrPVagF71+0224uQd7WF9GTgo/qOfoFBSRcg=="
    }
  }
}
