{
  "name": "Typescript",
  "version": "1.0.0",
  "lockfileVersion": 1,
  "requires": true,
  "dependencies": {
    "@rbxts/cubic-bezier": {
      "version": "1.0.2",
      "resolved": "https://registry.npmjs.org/@rbxts/cubic-bezier/-/cubic-bezier-1.0.2.tgz",
      "integrity": "sha512-g2z5pqUN1f8BO8nqjTbQyfIwVj9K2SoCLNPKmlez2iYqOpMn4VyNPPgac7f1y6MJrenqAa4BWMmTWwuI07gmLg=="
    },
    "@rbxts/easing-functions": {
      "version": "1.0.0",
      "resolved": "https://registry.npmjs.org/@rbxts/easing-functions/-/easing-functions-1.0.0.tgz",
      "integrity": "sha512-10n1S3B4HDCMDQFkyVOfNgY5Rf0+6xWt5dqJdWosKFIsGy35hMI0UswrRvGtgzTFoMZKvVHg0zBRT+0JXcp+9A==",
      "requires": {
        "@rbxts/cubic-bezier": "^1.0.2"
      }
    },
    "@rbxts/lerp-functions": {
      "version": "1.0.0",
      "resolved": "https://registry.npmjs.org/@rbxts/lerp-functions/-/lerp-functions-1.0.0.tgz",
      "integrity": "sha512-CCsICLGs6GJDIfIhcRh8j20Ux/qPmKn6Po0VlFpwBkEtVtpln+7z3LDqOY035OTVPbRi3SciXTB9QctYVe2AOA==",
      "requires": {
        "@rbxts/types": "^1.0.194"
      }
    },
    "@rbxts/roact": {
      "version": "1.1.1",
      "resolved": "https://registry.npmjs.org/@rbxts/roact/-/roact-1.1.1.tgz",
      "integrity": "sha512-zkBbz096rYTXqT53Vjud1AjQ9nVkRNsvnrLE8TR9Hp4elq3SwcLmX8hLHhcTV9lLGdIZJkFBj4Cpw67r7Fw5EA=="
    },
    "@rbxts/services": {
      "version": "1.0.23",
      "resolved": "https://registry.npmjs.org/@rbxts/services/-/services-1.0.23.tgz",
      "integrity": "sha512-grU2H1biLVmjCxhF8KYmpUUDTvowjf/99HS5r8NCsFb8q/MqN80kYYX0gXncYYYfYNGHLbzm8cWwVhb7UyXPHg=="
    },
    "@rbxts/tween": {
      "version": "1.0.2",
      "resolved": "https://registry.npmjs.org/@rbxts/tween/-/tween-1.0.2.tgz",
      "integrity": "sha512-1DitXSxPrxaCUPaCmI+lrhK/fg2L46X5//gtJrX3uNAas/hVunlyCsEej11Y+JD5kGfd1vQvpEjcv0MHOuSFug==",
      "requires": {
        "@rbxts/cubic-bezier": "^1.0.2",
        "@rbxts/easing-functions": "^1.0.0",
        "@rbxts/lerp-functions": "^1.0.0",
        "@rbxts/types": "^1.0.194"
      }
    },
    "@rbxts/types": {
      "version": "1.0.239",
      "resolved": "https://registry.npmjs.org/@rbxts/types/-/types-1.0.239.tgz",
      "integrity": "sha512-jzO7EdEK2FX/YIQFNswzOh1y5sOiCcv0TYCUq9xs933KulY7xjyfocS2IcTPh30ZYVsH51rn6EV5hFEm2cR/Yw=="
    },
    "gql-query-builder": {
      "version": "3.1.3",
      "resolved": "https://registry.npmjs.org/gql-query-builder/-/gql-query-builder-3.1.3.tgz",
      "integrity": "sha512-RjZbH5eeaEYz3XoVjfozP3RkkEZV/gOygNipX30ysukd9kENGljrPVagF71+0224uQd7WF9GTgo/qOfoFBSRcg=="
    }
  }
}
